{
  "name": "Sparr",
  "lockfileVersion": 3,
  "requires": true,
  "packages": {
    "": {
      "dependencies": {
        "@legendapp/motion": "^2.4.0"
      }
    },
    "node_modules/@legendapp/motion": {
      "version": "2.4.0",
      "resolved": "https://registry.npmjs.org/@legendapp/motion/-/motion-2.4.0.tgz",
      "integrity": "sha512-AAYpRLGvxGD5hIGl9sVHyoUufr66zoH82PuxYcKiPSMdCBI3jwZFWh6CuHjV1leRKVIRk2py1rSvIVabG8eqcw==",
      "license": "MIT",
      "dependencies": {
        "@legendapp/tools": "2.0.1"
      },
      "peerDependencies": {
        "nativewind": "*",
        "react": ">=16",
        "react-native": "*"
      }
    },
    "node_modules/@legendapp/tools": {
      "version": "2.0.1",
      "resolved": "https://registry.npmjs.org/@legendapp/tools/-/tools-2.0.1.tgz",
      "integrity": "sha512-Kxt0HWvWElRK6oybHRzcYxdgaKGwuaiRNreS7usW7QuHXRIHaH4yMcW2YNRG4DHE5fpefv+Bno/BohQcCE4FaA==",
      "license": "MIT",
      "peerDependencies": {
        "react": ">=16"
      },
      "peerDependenciesMeta": {
        "react": {
          "optional": true
        }
      }
    }
  }
}
